
Microsoft Visual Studio Solution File, Format Version 12.00
# Visual Studio Version 17
VisualStudioVersion = 17.13.35818.85 d17.13
MinimumVisualStudioVersion = 10.0.40219.1
Project("{FAE04EC0-301F-11D3-BF4B-00C04F79EFBC}") = "Document Management System", "Document Management System\Document Management System.csproj", "{BC14A30A-A922-4783-AF4F-46175F1355E5}"
EndProject
Global
	GlobalSection(SolutionConfigurationPlatforms) = preSolution
		Debug|Any CPU = Debug|Any CPU
		Release|Any CPU = Release|Any CPU
	EndGlobalSection
	GlobalSection(ProjectConfigurationPlatforms) = postSolution
		{BC14A30A-A922-4783-AF4F-46175F1355E5}.Debug|Any CPU.ActiveCfg = Debug|Any CPU
		{BC14A30A-A922-4783-AF4F-46175F1355E5}.Debug|Any CPU.Build.0 = Debug|Any CPU
		{BC14A30A-A922-4783-AF4F-46175F1355E5}.Release|Any CPU.ActiveCfg = Release|Any CPU
		{BC14A30A-A922-4783-AF4F-46175F1355E5}.Release|Any CPU.Build.0 = Release|Any CPU
	EndGlobalSection
	GlobalSection(SolutionProperties) = preSolution
		HideSolutionNode = FALSE
	EndGlobalSection
	GlobalSection(ExtensibilityGlobals) = postSolution
		SolutionGuid = {93DBCEC1-B7E4-4CA9-ABFC-E8B4A1149D0A}
	EndGlobalSection
EndGlobal
